
Microsoft Visual Studio Solution File, Format Version 12.00
Project("{FAE04EC0-301F-11D3-BF4B-00C04F79EFBC}") = "WebApplication1", "WebApplication1\WebApplication1.csproj", "{FEB38075-1803-4C3D-BC62-33FE08E4DAB4}"
EndProject
Global
	GlobalSection(SolutionConfigurationPlatforms) = preSolution
		Debug|Any CPU = Debug|Any CPU
		Release|Any CPU = Release|Any CPU
	EndGlobalSection
	GlobalSection(ProjectConfigurationPlatforms) = postSolution
		{FEB38075-1803-4C3D-BC62-33FE08E4DAB4}.Debug|Any CPU.ActiveCfg = Debug|Any CPU
		{FEB38075-1803-4C3D-BC62-33FE08E4DAB4}.Debug|Any CPU.Build.0 = Debug|Any CPU
		{FEB38075-1803-4C3D-BC62-33FE08E4DAB4}.Release|Any CPU.ActiveCfg = Release|Any CPU
		{FEB38075-1803-4C3D-BC62-33FE08E4DAB4}.Release|Any CPU.Build.0 = Release|Any CPU
	EndGlobalSection
EndGlobal
